
Microsoft Visual Studio Solution File, Format Version 12.00
# Visual Studio 15
VisualStudioVersion = 15.0.28307.539
MinimumVisualStudioVersion = 10.0.40219.1
Project("{E24C65DC-7377-472B-9ABA-BC803B73C61A}") = "EJFinalWebsite", ".", "{212FC8E9-EB77-486F-BC59-642450BC9E11}"
	ProjectSection(WebsiteProperties) = preProject
		TargetFrameworkMoniker = ".NETFramework,Version%3Dv4.0"
		Debug.AspNetCompiler.VirtualPath = "/localhost_64235"
		Debug.AspNetCompiler.PhysicalPath = "..\..\..\..\..\Murach\EJFinalWebsite\"
		Debug.AspNetCompiler.TargetPath = "PrecompiledWeb\localhost_64235\"
		Debug.AspNetCompiler.Updateable = "true"
		Debug.AspNetCompiler.ForceOverwrite = "true"
		Debug.AspNetCompiler.FixedNames = "false"
		Debug.AspNetCompiler.Debug = "True"
		Release.AspNetCompiler.VirtualPath = "/localhost_64235"
		Release.AspNetCompiler.PhysicalPath = "..\..\..\..\..\Murach\EJFinalWebsite\"
		Release.AspNetCompiler.TargetPath = "PrecompiledWeb\localhost_64235\"
		Release.AspNetCompiler.Updateable = "true"
		Release.AspNetCompiler.ForceOverwrite = "true"
		Release.AspNetCompiler.FixedNames = "false"
		Release.AspNetCompiler.Debug = "False"
		VWDPort = "64235"
	EndProjectSection
EndProject
Global
	GlobalSection(SolutionConfigurationPlatforms) = preSolution
		Debug|Any CPU = Debug|Any CPU
	EndGlobalSection
	GlobalSection(ProjectConfigurationPlatforms) = postSolution
		{212FC8E9-EB77-486F-BC59-642450BC9E11}.Debug|Any CPU.ActiveCfg = Debug|Any CPU
		{212FC8E9-EB77-486F-BC59-642450BC9E11}.Debug|Any CPU.Build.0 = Debug|Any CPU
	EndGlobalSection
	GlobalSection(SolutionProperties) = preSolution
		HideSolutionNode = FALSE
	EndGlobalSection
	GlobalSection(ExtensibilityGlobals) = postSolution
		SolutionGuid = {5A815ACE-0806-4A53-AE93-11565605CF3A}
	EndGlobalSection
EndGlobal
